
Microsoft Visual Studio Solution File, Format Version 12.00
# Visual Studio Version 17
VisualStudioVersion = 17.11.35222.181
MinimumVisualStudioVersion = 10.0.40219.1
Project("{8BC9CEB8-8B4A-11D0-8D11-00A0C91BC942}") = "ConsoleApplicationrekurs", "ConsoleApplicationrekurs.vcxproj", "{523365DC-AC34-4D2F-908F-3E2C65A531D6}"
EndProject
Global
	GlobalSection(SolutionConfigurationPlatforms) = preSolution
		Debug|x64 = Debug|x64
		Debug|x86 = Debug|x86
		Release|x64 = Release|x64
		Release|x86 = Release|x86
	EndGlobalSection
	GlobalSection(ProjectConfigurationPlatforms) = postSolution
		{523365DC-AC34-4D2F-908F-3E2C65A531D6}.Debug|x64.ActiveCfg = Debug|x64
		{523365DC-AC34-4D2F-908F-3E2C65A531D6}.Debug|x64.Build.0 = Debug|x64
		{523365DC-AC34-4D2F-908F-3E2C65A531D6}.Debug|x86.ActiveCfg = Debug|Win32
		{523365DC-AC34-4D2F-908F-3E2C65A531D6}.Debug|x86.Build.0 = Debug|Win32
		{523365DC-AC34-4D2F-908F-3E2C65A531D6}.Release|x64.ActiveCfg = Release|x64
		{523365DC-AC34-4D2F-908F-3E2C65A531D6}.Release|x64.Build.0 = Release|x64
		{523365DC-AC34-4D2F-908F-3E2C65A531D6}.Release|x86.ActiveCfg = Release|Win32
		{523365DC-AC34-4D2F-908F-3E2C65A531D6}.Release|x86.Build.0 = Release|Win32
	EndGlobalSection
	GlobalSection(SolutionProperties) = preSolution
		HideSolutionNode = FALSE
	EndGlobalSection
	GlobalSection(ExtensibilityGlobals) = postSolution
		SolutionGuid = {17AAD0B4-5172-4D95-956A-EAF5271DE17E}
	EndGlobalSection
EndGlobal
